
Microsoft Visual Studio Solution File, Format Version 12.00
# Visual Studio Version 17
VisualStudioVersion = 17.13.35818.85 d17.13
MinimumVisualStudioVersion = 10.0.40219.1
Project("{FAE04EC0-301F-11D3-BF4B-00C04F79EFBC}") = "AttributesModifiersAndSpells.libs", "D&D Character generator #1 attributes modifiers and spells\AttributesModifiersAndSpells.libs.csproj", "{25CB4052-2321-44E0-8580-F35749EB815C}"
EndProject
Project("{FAE04EC0-301F-11D3-BF4B-00C04F79EFBC}") = "UnitTests", "UnitTests\UnitTests.csproj", "{9C18C60F-8EE2-436A-A199-4051661DDE12}"
EndProject
Global
	GlobalSection(SolutionConfigurationPlatforms) = preSolution
		Debug|Any CPU = Debug|Any CPU
		Release|Any CPU = Release|Any CPU
	EndGlobalSection
	GlobalSection(ProjectConfigurationPlatforms) = postSolution
		{25CB4052-2321-44E0-8580-F35749EB815C}.Debug|Any CPU.ActiveCfg = Debug|Any CPU
		{25CB4052-2321-44E0-8580-F35749EB815C}.Debug|Any CPU.Build.0 = Debug|Any CPU
		{25CB4052-2321-44E0-8580-F35749EB815C}.Release|Any CPU.ActiveCfg = Release|Any CPU
		{25CB4052-2321-44E0-8580-F35749EB815C}.Release|Any CPU.Build.0 = Release|Any CPU
		{9C18C60F-8EE2-436A-A199-4051661DDE12}.Debug|Any CPU.ActiveCfg = Debug|Any CPU
		{9C18C60F-8EE2-436A-A199-4051661DDE12}.Debug|Any CPU.Build.0 = Debug|Any CPU
		{9C18C60F-8EE2-436A-A199-4051661DDE12}.Release|Any CPU.ActiveCfg = Release|Any CPU
		{9C18C60F-8EE2-436A-A199-4051661DDE12}.Release|Any CPU.Build.0 = Release|Any CPU
	EndGlobalSection
	GlobalSection(SolutionProperties) = preSolution
		HideSolutionNode = FALSE
	EndGlobalSection
	GlobalSection(ExtensibilityGlobals) = postSolution
		SolutionGuid = {66A3C159-CD63-4181-8137-27DEFB4A7B4C}
	EndGlobalSection
EndGlobal
